
Microsoft Visual Studio Solution File, Format Version 11.00
# Visual Studio 2010
Project("{FAE04EC0-301F-11D3-BF4B-00C04F79EFBC}") = "Ifa", "Ifa\Ifa.csproj", "{721FAEF9-7CAB-4E3F-A1F6-77A87E474972}"
EndProject
Project("{FAE04EC0-301F-11D3-BF4B-00C04F79EFBC}") = "Ifa.Tests", "Ifa.Tests\Ifa.Tests.csproj", "{340243E2-3598-4378-AFA3-B8FEA11705E5}"
EndProject
Project("{2150E333-8FDC-42A3-9474-1A3956D46DE8}") = "Solution Items", "Solution Items", "{DAA87DE4-DCCF-4644-BD9D-0F46FE014FE6}"
	ProjectSection(SolutionItems) = preProject
		SharedAssemblyInfo.cs = SharedAssemblyInfo.cs
	EndProjectSection
EndProject
Global
	GlobalSection(SolutionConfigurationPlatforms) = preSolution
		Debug|Any CPU = Debug|Any CPU
		Debug|Mixed Platforms = Debug|Mixed Platforms
		Debug|x86 = Debug|x86
		Release|Any CPU = Release|Any CPU
		Release|Mixed Platforms = Release|Mixed Platforms
		Release|x86 = Release|x86
	EndGlobalSection
	GlobalSection(ProjectConfigurationPlatforms) = postSolution
		{721FAEF9-7CAB-4E3F-A1F6-77A87E474972}.Debug|Any CPU.ActiveCfg = Debug|x86
		{721FAEF9-7CAB-4E3F-A1F6-77A87E474972}.Debug|Mixed Platforms.ActiveCfg = Debug|x86
		{721FAEF9-7CAB-4E3F-A1F6-77A87E474972}.Debug|Mixed Platforms.Build.0 = Debug|x86
		{721FAEF9-7CAB-4E3F-A1F6-77A87E474972}.Debug|x86.ActiveCfg = Debug|x86
		{721FAEF9-7CAB-4E3F-A1F6-77A87E474972}.Debug|x86.Build.0 = Debug|x86
		{721FAEF9-7CAB-4E3F-A1F6-77A87E474972}.Release|Any CPU.ActiveCfg = Release|Any CPU
		{721FAEF9-7CAB-4E3F-A1F6-77A87E474972}.Release|Mixed Platforms.ActiveCfg = Release|Any CPU
		{721FAEF9-7CAB-4E3F-A1F6-77A87E474972}.Release|Mixed Platforms.Build.0 = Release|Any CPU
		{721FAEF9-7CAB-4E3F-A1F6-77A87E474972}.Release|x86.ActiveCfg = Release|Any CPU
		{721FAEF9-7CAB-4E3F-A1F6-77A87E474972}.Release|x86.Build.0 = Release|Any CPU
		{340243E2-3598-4378-AFA3-B8FEA11705E5}.Debug|Any CPU.ActiveCfg = Debug|Any CPU
		{340243E2-3598-4378-AFA3-B8FEA11705E5}.Debug|Any CPU.Build.0 = Debug|Any CPU
		{340243E2-3598-4378-AFA3-B8FEA11705E5}.Debug|Mixed Platforms.ActiveCfg = Debug|Any CPU
		{340243E2-3598-4378-AFA3-B8FEA11705E5}.Debug|Mixed Platforms.Build.0 = Debug|Any CPU
		{340243E2-3598-4378-AFA3-B8FEA11705E5}.Debug|x86.ActiveCfg = Debug|Any CPU
		{340243E2-3598-4378-AFA3-B8FEA11705E5}.Release|Any CPU.ActiveCfg = Release|Any CPU
		{340243E2-3598-4378-AFA3-B8FEA11705E5}.Release|Any CPU.Build.0 = Release|Any CPU
		{340243E2-3598-4378-AFA3-B8FEA11705E5}.Release|Mixed Platforms.ActiveCfg = Release|Any CPU
		{340243E2-3598-4378-AFA3-B8FEA11705E5}.Release|Mixed Platforms.Build.0 = Release|Any CPU
		{340243E2-3598-4378-AFA3-B8FEA11705E5}.Release|x86.ActiveCfg = Release|Any CPU
	EndGlobalSection
	GlobalSection(SolutionProperties) = preSolution
		HideSolutionNode = FALSE
	EndGlobalSection
EndGlobal
